
Microsoft Visual Studio Solution File, Format Version 12.00
# Visual Studio Version 17
VisualStudioVersion = 17.7.34202.233
MinimumVisualStudioVersion = 10.0.40219.1
Project("{9A19103F-16F7-4668-BE54-9A1E7A4F7556}") = "ClinicHospital", "ClinicHospital\ClinicHospital.csproj", "{D5870754-8E05-4EB2-99FC-8621ACB4ED96}"
EndProject
Project("{FAE04EC0-301F-11D3-BF4B-00C04F79EFBC}") = "ClinicModelLibrary", "ClinicModelLibrary\ClinicModelLibrary.csproj", "{FAC980A4-750A-4EC6-9A6A-C079F8DD3EE7}"
EndProject
Project("{FAE04EC0-301F-11D3-BF4B-00C04F79EFBC}") = "ClinicDALLibrary", "ClinicDALLibrary\ClinicDALLibrary.csproj", "{2244EF0F-52A7-4C4C-9262-C9D80FCA997F}"
EndProject
Project("{FAE04EC0-301F-11D3-BF4B-00C04F79EFBC}") = "ClinicBLLibrary", "ClinicBLLibrary\ClinicBLLibrary.csproj", "{45E27C1A-8177-4892-A52C-C282E14AFF9C}"
EndProject
Global
	GlobalSection(SolutionConfigurationPlatforms) = preSolution
		Debug|Any CPU = Debug|Any CPU
		Release|Any CPU = Release|Any CPU
	EndGlobalSection
	GlobalSection(ProjectConfigurationPlatforms) = postSolution
		{D5870754-8E05-4EB2-99FC-8621ACB4ED96}.Debug|Any CPU.ActiveCfg = Debug|Any CPU
		{D5870754-8E05-4EB2-99FC-8621ACB4ED96}.Debug|Any CPU.Build.0 = Debug|Any CPU
		{D5870754-8E05-4EB2-99FC-8621ACB4ED96}.Release|Any CPU.ActiveCfg = Release|Any CPU
		{D5870754-8E05-4EB2-99FC-8621ACB4ED96}.Release|Any CPU.Build.0 = Release|Any CPU
		{FAC980A4-750A-4EC6-9A6A-C079F8DD3EE7}.Debug|Any CPU.ActiveCfg = Debug|Any CPU
		{FAC980A4-750A-4EC6-9A6A-C079F8DD3EE7}.Debug|Any CPU.Build.0 = Debug|Any CPU
		{FAC980A4-750A-4EC6-9A6A-C079F8DD3EE7}.Release|Any CPU.ActiveCfg = Release|Any CPU
		{FAC980A4-750A-4EC6-9A6A-C079F8DD3EE7}.Release|Any CPU.Build.0 = Release|Any CPU
		{2244EF0F-52A7-4C4C-9262-C9D80FCA997F}.Debug|Any CPU.ActiveCfg = Debug|Any CPU
		{2244EF0F-52A7-4C4C-9262-C9D80FCA997F}.Debug|Any CPU.Build.0 = Debug|Any CPU
		{2244EF0F-52A7-4C4C-9262-C9D80FCA997F}.Release|Any CPU.ActiveCfg = Release|Any CPU
		{2244EF0F-52A7-4C4C-9262-C9D80FCA997F}.Release|Any CPU.Build.0 = Release|Any CPU
		{45E27C1A-8177-4892-A52C-C282E14AFF9C}.Debug|Any CPU.ActiveCfg = Debug|Any CPU
		{45E27C1A-8177-4892-A52C-C282E14AFF9C}.Debug|Any CPU.Build.0 = Debug|Any CPU
		{45E27C1A-8177-4892-A52C-C282E14AFF9C}.Release|Any CPU.ActiveCfg = Release|Any CPU
		{45E27C1A-8177-4892-A52C-C282E14AFF9C}.Release|Any CPU.Build.0 = Release|Any CPU
	EndGlobalSection
	GlobalSection(SolutionProperties) = preSolution
		HideSolutionNode = FALSE
	EndGlobalSection
	GlobalSection(ExtensibilityGlobals) = postSolution
		SolutionGuid = {35CD7513-3BEA-4B73-B98D-0946EC4DF69B}
	EndGlobalSection
EndGlobal
